
Microsoft Visual Studio Solution File, Format Version 12.00
# Visual Studio Version 17
VisualStudioVersion = 17.7.34031.279
MinimumVisualStudioVersion = 10.0.40219.1
Project("{FAE04EC0-301F-11D3-BF4B-00C04F79EFBC}") = "es_27", "es_27\es_27.csproj", "{6E390353-CD5B-4974-AC7E-02E3AE8A8E9C}"
EndProject
Global
	GlobalSection(SolutionConfigurationPlatforms) = preSolution
		Debug|Any CPU = Debug|Any CPU
		Release|Any CPU = Release|Any CPU
	EndGlobalSection
	GlobalSection(ProjectConfigurationPlatforms) = postSolution
		{6E390353-CD5B-4974-AC7E-02E3AE8A8E9C}.Debug|Any CPU.ActiveCfg = Debug|Any CPU
		{6E390353-CD5B-4974-AC7E-02E3AE8A8E9C}.Debug|Any CPU.Build.0 = Debug|Any CPU
		{6E390353-CD5B-4974-AC7E-02E3AE8A8E9C}.Release|Any CPU.ActiveCfg = Release|Any CPU
		{6E390353-CD5B-4974-AC7E-02E3AE8A8E9C}.Release|Any CPU.Build.0 = Release|Any CPU
	EndGlobalSection
	GlobalSection(SolutionProperties) = preSolution
		HideSolutionNode = FALSE
	EndGlobalSection
	GlobalSection(ExtensibilityGlobals) = postSolution
		SolutionGuid = {584B0B45-C0C2-4791-9C93-42307F588066}
	EndGlobalSection
EndGlobal
