
Microsoft Visual Studio Solution File, Format Version 12.00
# Visual Studio Version 17
VisualStudioVersion = 17.7.34031.279
MinimumVisualStudioVersion = 10.0.40219.1
Project("{FAE04EC0-301F-11D3-BF4B-00C04F79EFBC}") = "esercizio 3", "esercizio 3\esercizio 3.csproj", "{290AC51B-92E2-4331-A5DA-8C9AEEC3BB63}"
EndProject
Global
	GlobalSection(SolutionConfigurationPlatforms) = preSolution
		Debug|Any CPU = Debug|Any CPU
		Release|Any CPU = Release|Any CPU
	EndGlobalSection
	GlobalSection(ProjectConfigurationPlatforms) = postSolution
		{290AC51B-92E2-4331-A5DA-8C9AEEC3BB63}.Debug|Any CPU.ActiveCfg = Debug|Any CPU
		{290AC51B-92E2-4331-A5DA-8C9AEEC3BB63}.Debug|Any CPU.Build.0 = Debug|Any CPU
		{290AC51B-92E2-4331-A5DA-8C9AEEC3BB63}.Release|Any CPU.ActiveCfg = Release|Any CPU
		{290AC51B-92E2-4331-A5DA-8C9AEEC3BB63}.Release|Any CPU.Build.0 = Release|Any CPU
	EndGlobalSection
	GlobalSection(SolutionProperties) = preSolution
		HideSolutionNode = FALSE
	EndGlobalSection
	GlobalSection(ExtensibilityGlobals) = postSolution
		SolutionGuid = {D8BB8D80-C734-4A6F-AE49-47D332923DB2}
	EndGlobalSection
EndGlobal
