
Microsoft Visual Studio Solution File, Format Version 12.00
# Visual Studio Version 17
VisualStudioVersion = 17.7.34031.279
MinimumVisualStudioVersion = 10.0.40219.1
Project("{FAE04EC0-301F-11D3-BF4B-00C04F79EFBC}") = "esercizio_classi", "esercizio_classi\esercizio_classi.csproj", "{90B5AC89-9DD7-42A1-BB2C-CCE0E6AF8C6C}"
EndProject
Global
	GlobalSection(SolutionConfigurationPlatforms) = preSolution
		Debug|Any CPU = Debug|Any CPU
		Release|Any CPU = Release|Any CPU
	EndGlobalSection
	GlobalSection(ProjectConfigurationPlatforms) = postSolution
		{90B5AC89-9DD7-42A1-BB2C-CCE0E6AF8C6C}.Debug|Any CPU.ActiveCfg = Debug|Any CPU
		{90B5AC89-9DD7-42A1-BB2C-CCE0E6AF8C6C}.Debug|Any CPU.Build.0 = Debug|Any CPU
		{90B5AC89-9DD7-42A1-BB2C-CCE0E6AF8C6C}.Release|Any CPU.ActiveCfg = Release|Any CPU
		{90B5AC89-9DD7-42A1-BB2C-CCE0E6AF8C6C}.Release|Any CPU.Build.0 = Release|Any CPU
	EndGlobalSection
	GlobalSection(SolutionProperties) = preSolution
		HideSolutionNode = FALSE
	EndGlobalSection
	GlobalSection(ExtensibilityGlobals) = postSolution
		SolutionGuid = {0E45B422-820F-406F-9D5A-BC8E26001399}
	EndGlobalSection
EndGlobal
