
Microsoft Visual Studio Solution File, Format Version 12.00
# Visual Studio Version 17
VisualStudioVersion = 17.8.34322.80
MinimumVisualStudioVersion = 10.0.40219.1
Project("{FAE04EC0-301F-11D3-BF4B-00C04F79EFBC}") = "ScacchiC", "ScacchiC\ScacchiC.csproj", "{D551C9EE-7EBC-46E3-A349-B9B364A75FA2}"
EndProject
Global
	GlobalSection(SolutionConfigurationPlatforms) = preSolution
		Debug|Any CPU = Debug|Any CPU
		Release|Any CPU = Release|Any CPU
	EndGlobalSection
	GlobalSection(ProjectConfigurationPlatforms) = postSolution
		{D551C9EE-7EBC-46E3-A349-B9B364A75FA2}.Debug|Any CPU.ActiveCfg = Debug|Any CPU
		{D551C9EE-7EBC-46E3-A349-B9B364A75FA2}.Debug|Any CPU.Build.0 = Debug|Any CPU
		{D551C9EE-7EBC-46E3-A349-B9B364A75FA2}.Release|Any CPU.ActiveCfg = Release|Any CPU
		{D551C9EE-7EBC-46E3-A349-B9B364A75FA2}.Release|Any CPU.Build.0 = Release|Any CPU
	EndGlobalSection
	GlobalSection(SolutionProperties) = preSolution
		HideSolutionNode = FALSE
	EndGlobalSection
	GlobalSection(ExtensibilityGlobals) = postSolution
		SolutionGuid = {582812F3-405D-42AA-B94C-7050C4866BC2}
	EndGlobalSection
EndGlobal
